
Microsoft Visual Studio Solution File, Format Version 12.00
# Visual Studio 15
VisualStudioVersion = 15.0.26430.15
MinimumVisualStudioVersion = 10.0.40219.1
Project("{E24C65DC-7377-472B-9ABA-BC803B73C61A}") = "WWW", "http://localhost:50756", "{E1FA7083-401B-4DCE-BBFF-7A543ECEEC5C}"
	ProjectSection(WebsiteProperties) = preProject
		SccProjectName = "SAK"
		SccAuxPath = "SAK"
		SccLocalPath = "SAK"
		SccProvider = "SAK"
		UseIISExpress = "true"
		TargetFrameworkMoniker = ".NETFramework,Version%3Dv3.5"
		ProjectReferences = "{C35F515E-10BF-4F64-8D36-B7E9FF8D6A10}|Glaer.Trade.B2C.RBAC.dll;{782b6980-d9c8-42f1-b7dd-ac8f30a15a7b}|Glaer.Trade.B2C.BLL.Product.dll;{FC6F7D4D-B9F9-4534-AA9E-E5EB096417FC}|Glaer.Trade.B2C.DAL.Product.dll;{6524BC89-0507-4A21-A89F-522312392D39}|Glaer.Trade.B2C.Model.dll;{4129e24b-10cc-417b-af4e-5a02ae728058}|Glaer.Trade.B2C.DAL.MEM.dll;{fd271f29-421f-4c1d-9ac4-6a6ce0bde746}|Glaer.Trade.B2C.BLL.MEM.dll;{CE144363-CB6C-4512-A798-B3032FBF5AB0}|Glaer.Trade.B2C.ORM.dll;{895f8206-f9f2-4862-89d4-88dcc765a345}|Glaer.Trade.B2C.BLL.ORD.dll;{472F356C-97F0-425D-AEF0-9221BCB8D6E2}|Glaer.Trade.B2C.DAL.ORD.dll;{cb662d10-0f68-4efa-b5bc-4ee2d620274a}|Glaer.Trade.B2C.BLL.Sys.dll;{B9ACABF4-5F57-40BB-8019-A2BA992E7E05}|Glaer.Trade.B2C.DAL.Sys.dll;"
		Debug.AspNetCompiler.VirtualPath = "/localhost_50756"
		Debug.AspNetCompiler.PhysicalPath = "WWW\"
		Debug.AspNetCompiler.TargetPath = "PrecompiledWeb\localhost_50756\"
		Debug.AspNetCompiler.Updateable = "true"
		Debug.AspNetCompiler.ForceOverwrite = "true"
		Debug.AspNetCompiler.FixedNames = "false"
		Debug.AspNetCompiler.Debug = "True"
		Release.AspNetCompiler.VirtualPath = "/localhost_50756"
		Release.AspNetCompiler.PhysicalPath = "WWW\"
		Release.AspNetCompiler.TargetPath = "PrecompiledWeb\localhost_50756\"
		Release.AspNetCompiler.Updateable = "true"
		Release.AspNetCompiler.ForceOverwrite = "true"
		Release.AspNetCompiler.FixedNames = "false"
		Release.AspNetCompiler.Debug = "False"
		SlnRelativePath = "WWW\"
	EndProjectSection
EndProject
Project("{E24C65DC-7377-472B-9ABA-BC803B73C61A}") = "OSS", "http://localhost:50758", "{31723EAF-70AB-4FA5-A510-F644312F1AF0}"
	ProjectSection(WebsiteProperties) = preProject
		SccProjectName = "SAK"
		SccAuxPath = "SAK"
		SccLocalPath = "SAK"
		SccProvider = "SAK"
		UseIISExpress = "true"
		TargetFrameworkMoniker = ".NETFramework,Version%3Dv3.5"
		ProjectReferences = "{6524BC89-0507-4A21-A89F-522312392D39}|Glaer.Trade.B2C.Model.dll;{CE144363-CB6C-4512-A798-B3032FBF5AB0}|Glaer.Trade.B2C.ORM.dll;{C35F515E-10BF-4F64-8D36-B7E9FF8D6A10}|Glaer.Trade.B2C.RBAC.dll;{895f8206-f9f2-4862-89d4-88dcc765a345}|Glaer.Trade.B2C.BLL.ORD.dll;{472F356C-97F0-425D-AEF0-9221BCB8D6E2}|Glaer.Trade.B2C.DAL.ORD.dll;{782b6980-d9c8-42f1-b7dd-ac8f30a15a7b}|Glaer.Trade.B2C.BLL.Product.dll;{FC6F7D4D-B9F9-4534-AA9E-E5EB096417FC}|Glaer.Trade.B2C.DAL.Product.dll;{cb662d10-0f68-4efa-b5bc-4ee2d620274a}|Glaer.Trade.B2C.BLL.Sys.dll;{B9ACABF4-5F57-40BB-8019-A2BA992E7E05}|Glaer.Trade.B2C.DAL.Sys.dll;{4129e24b-10cc-417b-af4e-5a02ae728058}|Glaer.Trade.B2C.DAL.MEM.dll;{fd271f29-421f-4c1d-9ac4-6a6ce0bde746}|Glaer.Trade.B2C.BLL.MEM.dll;"
		Debug.AspNetCompiler.VirtualPath = "/localhost_50758"
		Debug.AspNetCompiler.PhysicalPath = "OSS\"
		Debug.AspNetCompiler.TargetPath = "PrecompiledWeb\localhost_50758\"
		Debug.AspNetCompiler.Updateable = "true"
		Debug.AspNetCompiler.ForceOverwrite = "true"
		Debug.AspNetCompiler.FixedNames = "false"
		Debug.AspNetCompiler.Debug = "True"
		Release.AspNetCompiler.VirtualPath = "/localhost_50758"
		Release.AspNetCompiler.PhysicalPath = "OSS\"
		Release.AspNetCompiler.TargetPath = "PrecompiledWeb\localhost_50758\"
		Release.AspNetCompiler.Updateable = "true"
		Release.AspNetCompiler.ForceOverwrite = "true"
		Release.AspNetCompiler.FixedNames = "false"
		Release.AspNetCompiler.Debug = "False"
		SlnRelativePath = "OSS\"
	EndProjectSection
EndProject
Project("{E24C65DC-7377-472B-9ABA-BC803B73C61A}") = "IMG", "http://localhost:50760", "{2CB4B3B3-290F-465D-8701-607ADAFC51EC}"
	ProjectSection(WebsiteProperties) = preProject
		SccProjectName = "SAK"
		SccAuxPath = "SAK"
		SccLocalPath = "SAK"
		SccProvider = "SAK"
		UseIISExpress = "true"
		TargetFrameworkMoniker = ".NETFramework,Version%3Dv3.5"
		Debug.AspNetCompiler.VirtualPath = "/localhost_50760"
		Debug.AspNetCompiler.PhysicalPath = "IMG\"
		Debug.AspNetCompiler.TargetPath = "PrecompiledWeb\localhost_50760\"
		Debug.AspNetCompiler.Updateable = "true"
		Debug.AspNetCompiler.ForceOverwrite = "true"
		Debug.AspNetCompiler.FixedNames = "false"
		Debug.AspNetCompiler.Debug = "True"
		Release.AspNetCompiler.VirtualPath = "/localhost_50760"
		Release.AspNetCompiler.PhysicalPath = "IMG\"
		Release.AspNetCompiler.TargetPath = "PrecompiledWeb\localhost_50760\"
		Release.AspNetCompiler.Updateable = "true"
		Release.AspNetCompiler.ForceOverwrite = "true"
		Release.AspNetCompiler.FixedNames = "false"
		Release.AspNetCompiler.Debug = "False"
		SlnRelativePath = "IMG\"
	EndProjectSection
EndProject
Project("{FAE04EC0-301F-11D3-BF4B-00C04F79EFBC}") = "Glaer.Trade.B2C.RBAC", "Glaer.Trade.B2C.RBAC\Glaer.Trade.B2C.RBAC.csproj", "{C35F515E-10BF-4F64-8D36-B7E9FF8D6A10}"
EndProject
Project("{FAE04EC0-301F-11D3-BF4B-00C04F79EFBC}") = "Glaer.Trade.B2C.ORM", "Glaer.Trade.B2C.ORM\Glaer.Trade.B2C.ORM.csproj", "{CE144363-CB6C-4512-A798-B3032FBF5AB0}"
EndProject
Project("{FAE04EC0-301F-11D3-BF4B-00C04F79EFBC}") = "Glaer.Trade.B2C.Model", "Glaer.Trade.B2C.Model\Glaer.Trade.B2C.Model.csproj", "{6524BC89-0507-4A21-A89F-522312392D39}"
EndProject
Project("{FAE04EC0-301F-11D3-BF4B-00C04F79EFBC}") = "Glaer.Trade.B2C.DAL.Sys", "Glaer.Trade.B2C.DAL.Sys\Glaer.Trade.B2C.DAL.Sys.csproj", "{B9ACABF4-5F57-40BB-8019-A2BA992E7E05}"
EndProject
Project("{FAE04EC0-301F-11D3-BF4B-00C04F79EFBC}") = "Glaer.Trade.B2C.DAL.Product", "Glaer.Trade.B2C.DAL.Product\Glaer.Trade.B2C.DAL.Product.csproj", "{FC6F7D4D-B9F9-4534-AA9E-E5EB096417FC}"
EndProject
Project("{FAE04EC0-301F-11D3-BF4B-00C04F79EFBC}") = "Glaer.Trade.B2C.DAL.ORD", "Glaer.Trade.B2C.DAL.ORD\Glaer.Trade.B2C.DAL.ORD.csproj", "{472F356C-97F0-425D-AEF0-9221BCB8D6E2}"
EndProject
Project("{FAE04EC0-301F-11D3-BF4B-00C04F79EFBC}") = "Glaer.Trade.B2C.DAL.MEM", "Glaer.Trade.B2C.DAL.MEM\Glaer.Trade.B2C.DAL.MEM.csproj", "{4129E24B-10CC-417B-AF4E-5A02AE728058}"
EndProject
Project("{FAE04EC0-301F-11D3-BF4B-00C04F79EFBC}") = "Glaer.Trade.B2C.BLL.Sys", "Glaer.Trade.B2C.BLL.Sys\Glaer.Trade.B2C.BLL.Sys.csproj", "{CB662D10-0F68-4EFA-B5BC-4EE2D620274A}"
EndProject
Project("{FAE04EC0-301F-11D3-BF4B-00C04F79EFBC}") = "Glaer.Trade.B2C.BLL.Product", "Glaer.Trade.B2C.BLL.Product\Glaer.Trade.B2C.BLL.Product.csproj", "{782B6980-D9C8-42F1-B7DD-AC8F30A15A7B}"
EndProject
Project("{FAE04EC0-301F-11D3-BF4B-00C04F79EFBC}") = "Glaer.Trade.B2C.BLL.ORD", "Glaer.Trade.B2C.BLL.ORD\Glaer.Trade.B2C.BLL.ORD.csproj", "{895F8206-F9F2-4862-89D4-88DCC765A345}"
EndProject
Project("{FAE04EC0-301F-11D3-BF4B-00C04F79EFBC}") = "Glaer.Trade.B2C.BLL.MEM", "Glaer.Trade.B2C.BLL.MEM\Glaer.Trade.B2C.BLL.MEM.csproj", "{FD271F29-421F-4C1D-9AC4-6A6CE0BDE746}"
EndProject
Project("{E24C65DC-7377-472B-9ABA-BC803B73C61A}") = "API", "http://localhost:17707", "{E4627D4D-134C-4BCC-B924-3465A8D8F04B}"
	ProjectSection(WebsiteProperties) = preProject
		SccProjectName = "SAK"
		SccAuxPath = "SAK"
		SccLocalPath = "SAK"
		SccProvider = "SAK"
		UseIISExpress = "true"
		TargetFrameworkMoniker = ".NETFramework,Version%3Dv4.5"
		ProjectReferences = "{895f8206-f9f2-4862-89d4-88dcc765a345}|Glaer.Trade.B2C.BLL.ORD.dll;{fd271f29-421f-4c1d-9ac4-6a6ce0bde746}|Glaer.Trade.B2C.BLL.MEM.dll;{4129E24B-10CC-417B-AF4E-5A02AE728058}|Glaer.Trade.B2C.DAL.MEM.dll;{6524BC89-0507-4A21-A89F-522312392D39}|Glaer.Trade.B2C.Model.dll;{CE144363-CB6C-4512-A798-B3032FBF5AB0}|Glaer.Trade.B2C.ORM.dll;{C35F515E-10BF-4F64-8D36-B7E9FF8D6A10}|Glaer.Trade.B2C.RBAC.dll;{cb662d10-0f68-4efa-b5bc-4ee2d620274a}|Glaer.Trade.B2C.BLL.Sys.dll;{B9ACABF4-5F57-40BB-8019-A2BA992E7E05}|Glaer.Trade.B2C.DAL.Sys.dll;{472f356c-97f0-425d-aef0-9221bcb8d6e2}|Glaer.Trade.B2C.DAL.ORD.dll;{782b6980-d9c8-42f1-b7dd-ac8f30a15a7b}|Glaer.Trade.B2C.BLL.Product.dll;{FC6F7D4D-B9F9-4534-AA9E-E5EB096417FC}|Glaer.Trade.B2C.DAL.Product.dll;"
		Debug.AspNetCompiler.VirtualPath = "/localhost_17707"
		Debug.AspNetCompiler.PhysicalPath = "..\YiNaiB2B\API\"
		Debug.AspNetCompiler.TargetPath = "PrecompiledWeb\localhost_17707\"
		Debug.AspNetCompiler.Updateable = "true"
		Debug.AspNetCompiler.ForceOverwrite = "true"
		Debug.AspNetCompiler.FixedNames = "false"
		Debug.AspNetCompiler.Debug = "True"
		Release.AspNetCompiler.VirtualPath = "/localhost_17707"
		Release.AspNetCompiler.PhysicalPath = "..\YiNaiB2B\API\"
		Release.AspNetCompiler.TargetPath = "PrecompiledWeb\localhost_17707\"
		Release.AspNetCompiler.Updateable = "true"
		Release.AspNetCompiler.ForceOverwrite = "true"
		Release.AspNetCompiler.FixedNames = "false"
		Release.AspNetCompiler.Debug = "False"
		SlnRelativePath = "..\YiNaiB2B\API\"
		DefaultWebSiteLanguage = "Visual C#"
	EndProjectSection
EndProject
Project("{E24C65DC-7377-472B-9ABA-BC803B73C61A}") = "Shop", "Shop", "{7291FCA6-E426-4EA4-A7AF-2CA67B24B3E2}"
	ProjectSection(WebsiteProperties) = preProject
		SccProjectName = "SAK"
		SccAuxPath = "SAK"
		SccLocalPath = "SAK"
		SccProvider = "SAK"
		TargetFrameworkMoniker = ".NETFramework,Version%3Dv3.5"
		ProjectReferences = "{6524bc89-0507-4a21-a89f-522312392d39}|Glaer.Trade.B2C.Model.dll;{4129e24b-10cc-417b-af4e-5a02ae728058}|Glaer.Trade.B2C.DAL.MEM.dll;{CE144363-CB6C-4512-A798-B3032FBF5AB0}|Glaer.Trade.B2C.ORM.dll;{fd271f29-421f-4c1d-9ac4-6a6ce0bde746}|Glaer.Trade.B2C.BLL.MEM.dll;{C35F515E-10BF-4F64-8D36-B7E9FF8D6A10}|Glaer.Trade.B2C.RBAC.dll;{782b6980-d9c8-42f1-b7dd-ac8f30a15a7b}|Glaer.Trade.B2C.BLL.Product.dll;{FC6F7D4D-B9F9-4534-AA9E-E5EB096417FC}|Glaer.Trade.B2C.DAL.Product.dll;"
		Debug.AspNetCompiler.VirtualPath = "/Shop"
		Debug.AspNetCompiler.PhysicalPath = "Shop\"
		Debug.AspNetCompiler.TargetPath = "PrecompiledWeb\Shop\"
		Debug.AspNetCompiler.Updateable = "true"
		Debug.AspNetCompiler.ForceOverwrite = "true"
		Debug.AspNetCompiler.FixedNames = "false"
		Debug.AspNetCompiler.Debug = "True"
		Release.AspNetCompiler.VirtualPath = "/Shop"
		Release.AspNetCompiler.PhysicalPath = "Shop\"
		Release.AspNetCompiler.TargetPath = "PrecompiledWeb\Shop\"
		Release.AspNetCompiler.Updateable = "true"
		Release.AspNetCompiler.ForceOverwrite = "true"
		Release.AspNetCompiler.FixedNames = "false"
		Release.AspNetCompiler.Debug = "False"
		VWDPort = "53391"
	EndProjectSection
EndProject
Project("{2150E333-8FDC-42A3-9474-1A3956D46DE8}") = "底层", "底层", "{32C51753-4D21-445D-9D6D-18B3C94FCBE8}"
EndProject
Global
	GlobalSection(SolutionConfigurationPlatforms) = preSolution
		Debug|Any CPU = Debug|Any CPU
		Release|Any CPU = Release|Any CPU
	EndGlobalSection
	GlobalSection(ProjectConfigurationPlatforms) = postSolution
		{E1FA7083-401B-4DCE-BBFF-7A543ECEEC5C}.Debug|Any CPU.ActiveCfg = Debug|Any CPU
		{E1FA7083-401B-4DCE-BBFF-7A543ECEEC5C}.Debug|Any CPU.Build.0 = Debug|Any CPU
		{E1FA7083-401B-4DCE-BBFF-7A543ECEEC5C}.Release|Any CPU.ActiveCfg = Debug|Any CPU
		{E1FA7083-401B-4DCE-BBFF-7A543ECEEC5C}.Release|Any CPU.Build.0 = Debug|Any CPU
		{31723EAF-70AB-4FA5-A510-F644312F1AF0}.Debug|Any CPU.ActiveCfg = Debug|Any CPU
		{31723EAF-70AB-4FA5-A510-F644312F1AF0}.Debug|Any CPU.Build.0 = Debug|Any CPU
		{31723EAF-70AB-4FA5-A510-F644312F1AF0}.Release|Any CPU.ActiveCfg = Debug|Any CPU
		{31723EAF-70AB-4FA5-A510-F644312F1AF0}.Release|Any CPU.Build.0 = Debug|Any CPU
		{2CB4B3B3-290F-465D-8701-607ADAFC51EC}.Debug|Any CPU.ActiveCfg = Debug|Any CPU
		{2CB4B3B3-290F-465D-8701-607ADAFC51EC}.Debug|Any CPU.Build.0 = Debug|Any CPU
		{2CB4B3B3-290F-465D-8701-607ADAFC51EC}.Release|Any CPU.ActiveCfg = Debug|Any CPU
		{2CB4B3B3-290F-465D-8701-607ADAFC51EC}.Release|Any CPU.Build.0 = Debug|Any CPU
		{C35F515E-10BF-4F64-8D36-B7E9FF8D6A10}.Debug|Any CPU.ActiveCfg = Debug|Any CPU
		{C35F515E-10BF-4F64-8D36-B7E9FF8D6A10}.Debug|Any CPU.Build.0 = Debug|Any CPU
		{C35F515E-10BF-4F64-8D36-B7E9FF8D6A10}.Release|Any CPU.ActiveCfg = Release|Any CPU
		{C35F515E-10BF-4F64-8D36-B7E9FF8D6A10}.Release|Any CPU.Build.0 = Release|Any CPU
		{CE144363-CB6C-4512-A798-B3032FBF5AB0}.Debug|Any CPU.ActiveCfg = Debug|Any CPU
		{CE144363-CB6C-4512-A798-B3032FBF5AB0}.Debug|Any CPU.Build.0 = Debug|Any CPU
		{CE144363-CB6C-4512-A798-B3032FBF5AB0}.Release|Any CPU.ActiveCfg = Release|Any CPU
		{CE144363-CB6C-4512-A798-B3032FBF5AB0}.Release|Any CPU.Build.0 = Release|Any CPU
		{6524BC89-0507-4A21-A89F-522312392D39}.Debug|Any CPU.ActiveCfg = Debug|Any CPU
		{6524BC89-0507-4A21-A89F-522312392D39}.Debug|Any CPU.Build.0 = Debug|Any CPU
		{6524BC89-0507-4A21-A89F-522312392D39}.Release|Any CPU.ActiveCfg = Release|Any CPU
		{6524BC89-0507-4A21-A89F-522312392D39}.Release|Any CPU.Build.0 = Release|Any CPU
		{B9ACABF4-5F57-40BB-8019-A2BA992E7E05}.Debug|Any CPU.ActiveCfg = Debug|Any CPU
		{B9ACABF4-5F57-40BB-8019-A2BA992E7E05}.Debug|Any CPU.Build.0 = Debug|Any CPU
		{B9ACABF4-5F57-40BB-8019-A2BA992E7E05}.Release|Any CPU.ActiveCfg = Release|Any CPU
		{B9ACABF4-5F57-40BB-8019-A2BA992E7E05}.Release|Any CPU.Build.0 = Release|Any CPU
		{FC6F7D4D-B9F9-4534-AA9E-E5EB096417FC}.Debug|Any CPU.ActiveCfg = Debug|Any CPU
		{FC6F7D4D-B9F9-4534-AA9E-E5EB096417FC}.Debug|Any CPU.Build.0 = Debug|Any CPU
		{FC6F7D4D-B9F9-4534-AA9E-E5EB096417FC}.Release|Any CPU.ActiveCfg = Release|Any CPU
		{FC6F7D4D-B9F9-4534-AA9E-E5EB096417FC}.Release|Any CPU.Build.0 = Release|Any CPU
		{472F356C-97F0-425D-AEF0-9221BCB8D6E2}.Debug|Any CPU.ActiveCfg = Debug|Any CPU
		{472F356C-97F0-425D-AEF0-9221BCB8D6E2}.Debug|Any CPU.Build.0 = Debug|Any CPU
		{472F356C-97F0-425D-AEF0-9221BCB8D6E2}.Release|Any CPU.ActiveCfg = Release|Any CPU
		{472F356C-97F0-425D-AEF0-9221BCB8D6E2}.Release|Any CPU.Build.0 = Release|Any CPU
		{4129E24B-10CC-417B-AF4E-5A02AE728058}.Debug|Any CPU.ActiveCfg = Debug|Any CPU
		{4129E24B-10CC-417B-AF4E-5A02AE728058}.Debug|Any CPU.Build.0 = Debug|Any CPU
		{4129E24B-10CC-417B-AF4E-5A02AE728058}.Release|Any CPU.ActiveCfg = Release|Any CPU
		{4129E24B-10CC-417B-AF4E-5A02AE728058}.Release|Any CPU.Build.0 = Release|Any CPU
		{CB662D10-0F68-4EFA-B5BC-4EE2D620274A}.Debug|Any CPU.ActiveCfg = Debug|Any CPU
		{CB662D10-0F68-4EFA-B5BC-4EE2D620274A}.Debug|Any CPU.Build.0 = Debug|Any CPU
		{CB662D10-0F68-4EFA-B5BC-4EE2D620274A}.Release|Any CPU.ActiveCfg = Release|Any CPU
		{CB662D10-0F68-4EFA-B5BC-4EE2D620274A}.Release|Any CPU.Build.0 = Release|Any CPU
		{782B6980-D9C8-42F1-B7DD-AC8F30A15A7B}.Debug|Any CPU.ActiveCfg = Debug|Any CPU
		{782B6980-D9C8-42F1-B7DD-AC8F30A15A7B}.Debug|Any CPU.Build.0 = Debug|Any CPU
		{782B6980-D9C8-42F1-B7DD-AC8F30A15A7B}.Release|Any CPU.ActiveCfg = Release|Any CPU
		{782B6980-D9C8-42F1-B7DD-AC8F30A15A7B}.Release|Any CPU.Build.0 = Release|Any CPU
		{895F8206-F9F2-4862-89D4-88DCC765A345}.Debug|Any CPU.ActiveCfg = Debug|Any CPU
		{895F8206-F9F2-4862-89D4-88DCC765A345}.Debug|Any CPU.Build.0 = Debug|Any CPU
		{895F8206-F9F2-4862-89D4-88DCC765A345}.Release|Any CPU.ActiveCfg = Release|Any CPU
		{895F8206-F9F2-4862-89D4-88DCC765A345}.Release|Any CPU.Build.0 = Release|Any CPU
		{FD271F29-421F-4C1D-9AC4-6A6CE0BDE746}.Debug|Any CPU.ActiveCfg = Debug|Any CPU
		{FD271F29-421F-4C1D-9AC4-6A6CE0BDE746}.Debug|Any CPU.Build.0 = Debug|Any CPU
		{FD271F29-421F-4C1D-9AC4-6A6CE0BDE746}.Release|Any CPU.ActiveCfg = Release|Any CPU
		{FD271F29-421F-4C1D-9AC4-6A6CE0BDE746}.Release|Any CPU.Build.0 = Release|Any CPU
		{E4627D4D-134C-4BCC-B924-3465A8D8F04B}.Debug|Any CPU.ActiveCfg = Debug|Any CPU
		{E4627D4D-134C-4BCC-B924-3465A8D8F04B}.Debug|Any CPU.Build.0 = Debug|Any CPU
		{E4627D4D-134C-4BCC-B924-3465A8D8F04B}.Release|Any CPU.ActiveCfg = Debug|Any CPU
		{E4627D4D-134C-4BCC-B924-3465A8D8F04B}.Release|Any CPU.Build.0 = Debug|Any CPU
		{7291FCA6-E426-4EA4-A7AF-2CA67B24B3E2}.Debug|Any CPU.ActiveCfg = Debug|Any CPU
		{7291FCA6-E426-4EA4-A7AF-2CA67B24B3E2}.Debug|Any CPU.Build.0 = Debug|Any CPU
		{7291FCA6-E426-4EA4-A7AF-2CA67B24B3E2}.Release|Any CPU.ActiveCfg = Debug|Any CPU
		{7291FCA6-E426-4EA4-A7AF-2CA67B24B3E2}.Release|Any CPU.Build.0 = Debug|Any CPU
	EndGlobalSection
	GlobalSection(SolutionProperties) = preSolution
		HideSolutionNode = FALSE
	EndGlobalSection
	GlobalSection(NestedProjects) = preSolution
		{C35F515E-10BF-4F64-8D36-B7E9FF8D6A10} = {32C51753-4D21-445D-9D6D-18B3C94FCBE8}
		{CE144363-CB6C-4512-A798-B3032FBF5AB0} = {32C51753-4D21-445D-9D6D-18B3C94FCBE8}
		{6524BC89-0507-4A21-A89F-522312392D39} = {32C51753-4D21-445D-9D6D-18B3C94FCBE8}
		{B9ACABF4-5F57-40BB-8019-A2BA992E7E05} = {32C51753-4D21-445D-9D6D-18B3C94FCBE8}
		{FC6F7D4D-B9F9-4534-AA9E-E5EB096417FC} = {32C51753-4D21-445D-9D6D-18B3C94FCBE8}
		{472F356C-97F0-425D-AEF0-9221BCB8D6E2} = {32C51753-4D21-445D-9D6D-18B3C94FCBE8}
		{4129E24B-10CC-417B-AF4E-5A02AE728058} = {32C51753-4D21-445D-9D6D-18B3C94FCBE8}
		{CB662D10-0F68-4EFA-B5BC-4EE2D620274A} = {32C51753-4D21-445D-9D6D-18B3C94FCBE8}
		{782B6980-D9C8-42F1-B7DD-AC8F30A15A7B} = {32C51753-4D21-445D-9D6D-18B3C94FCBE8}
		{895F8206-F9F2-4862-89D4-88DCC765A345} = {32C51753-4D21-445D-9D6D-18B3C94FCBE8}
		{FD271F29-421F-4C1D-9AC4-6A6CE0BDE746} = {32C51753-4D21-445D-9D6D-18B3C94FCBE8}
	EndGlobalSection
	GlobalSection(Performance) = preSolution
		HasPerformanceSessions = true
	EndGlobalSection
	GlobalSection(TeamFoundationVersionControl) = preSolution
		SccNumberOfProjects = 15
		SccEnterpriseProvider = {4CA58AB2-18FA-4F8D-95D4-32DDF27D184C}
		SccTeamFoundationServer = http://tfs.glaer.com/2015
		SccWebProject0 = true
		SccProjectUniqueName0 = http://localhost:50756
		SccProjectName0 = WWW
		SccAuxPath0 = http://tfs.glaer.com/2015
		SccLocalPath0 = WWW
		SccProvider0 = {4CA58AB2-18FA-4F8D-95D4-32DDF27D184C}
		SccProjectEnlistmentChoice0 = 2
		SccWebProject1 = true
		SccProjectUniqueName1 = http://localhost:50758
		SccProjectName1 = OSS
		SccAuxPath1 = http://tfs.glaer.com/2015
		SccLocalPath1 = OSS
		SccProvider1 = {4CA58AB2-18FA-4F8D-95D4-32DDF27D184C}
		SccProjectEnlistmentChoice1 = 2
		SccWebProject2 = true
		SccProjectUniqueName2 = http://localhost:50760
		SccProjectName2 = IMG
		SccAuxPath2 = http://tfs.glaer.com/2015
		SccLocalPath2 = IMG
		SccProvider2 = {4CA58AB2-18FA-4F8D-95D4-32DDF27D184C}
		SccProjectEnlistmentChoice2 = 2
		SccProjectUniqueName3 = Glaer.Trade.B2C.ORM\\Glaer.Trade.B2C.ORM.csproj
		SccProjectTopLevelParentUniqueName3 = YiNaiB2B.sln
		SccProjectName3 = Glaer.Trade.B2C.ORM
		SccAuxPath3 = http://tfs.glaer.com/2015
		SccLocalPath3 = Glaer.Trade.B2C.ORM
		SccProvider3 = {4CA58AB2-18FA-4F8D-95D4-32DDF27D184C}
		SccProjectUniqueName4 = Glaer.Trade.B2C.Model\\Glaer.Trade.B2C.Model.csproj
		SccProjectTopLevelParentUniqueName4 = YiNaiB2B.sln
		SccProjectName4 = Glaer.Trade.B2C.Model
		SccAuxPath4 = http://tfs.glaer.com/2015
		SccLocalPath4 = Glaer.Trade.B2C.Model
		SccProvider4 = {4CA58AB2-18FA-4F8D-95D4-32DDF27D184C}
		SccProjectUniqueName5 = Glaer.Trade.B2C.DAL.Sys\\Glaer.Trade.B2C.DAL.Sys.csproj
		SccProjectTopLevelParentUniqueName5 = YiNaiB2B.sln
		SccProjectName5 = Glaer.Trade.B2C.DAL.Sys
		SccAuxPath5 = http://tfs.glaer.com/2015
		SccLocalPath5 = Glaer.Trade.B2C.DAL.Sys
		SccProvider5 = {4CA58AB2-18FA-4F8D-95D4-32DDF27D184C}
		SccProjectUniqueName6 = Glaer.Trade.B2C.DAL.Product\\Glaer.Trade.B2C.DAL.Product.csproj
		SccProjectTopLevelParentUniqueName6 = YiNaiB2B.sln
		SccProjectName6 = Glaer.Trade.B2C.DAL.Product
		SccAuxPath6 = http://tfs.glaer.com/2015
		SccLocalPath6 = Glaer.Trade.B2C.DAL.Product
		SccProvider6 = {4CA58AB2-18FA-4F8D-95D4-32DDF27D184C}
		SccProjectUniqueName7 = Glaer.Trade.B2C.DAL.ORD\\Glaer.Trade.B2C.DAL.ORD.csproj
		SccProjectTopLevelParentUniqueName7 = YiNaiB2B.sln
		SccProjectName7 = Glaer.Trade.B2C.DAL.ORD
		SccAuxPath7 = http://tfs.glaer.com/2015
		SccLocalPath7 = Glaer.Trade.B2C.DAL.ORD
		SccProvider7 = {4CA58AB2-18FA-4F8D-95D4-32DDF27D184C}
		SccProjectUniqueName8 = Glaer.Trade.B2C.DAL.MEM\\Glaer.Trade.B2C.DAL.MEM.csproj
		SccProjectTopLevelParentUniqueName8 = YiNaiB2B.sln
		SccProjectName8 = Glaer.Trade.B2C.DAL.MEM
		SccAuxPath8 = http://tfs.glaer.com/2015
		SccLocalPath8 = Glaer.Trade.B2C.DAL.MEM
		SccProvider8 = {4CA58AB2-18FA-4F8D-95D4-32DDF27D184C}
		SccProjectUniqueName9 = Glaer.Trade.B2C.BLL.Sys\\Glaer.Trade.B2C.BLL.Sys.csproj
		SccProjectTopLevelParentUniqueName9 = YiNaiB2B.sln
		SccProjectName9 = Glaer.Trade.B2C.BLL.Sys
		SccAuxPath9 = http://tfs.glaer.com/2015
		SccLocalPath9 = Glaer.Trade.B2C.BLL.Sys
		SccProvider9 = {4CA58AB2-18FA-4F8D-95D4-32DDF27D184C}
		SccProjectUniqueName10 = Glaer.Trade.B2C.BLL.Product\\Glaer.Trade.B2C.BLL.Product.csproj
		SccProjectTopLevelParentUniqueName10 = YiNaiB2B.sln
		SccProjectName10 = Glaer.Trade.B2C.BLL.Product
		SccAuxPath10 = http://tfs.glaer.com/2015
		SccLocalPath10 = Glaer.Trade.B2C.BLL.Product
		SccProvider10 = {4CA58AB2-18FA-4F8D-95D4-32DDF27D184C}
		SccProjectUniqueName11 = Glaer.Trade.B2C.BLL.ORD\\Glaer.Trade.B2C.BLL.ORD.csproj
		SccProjectTopLevelParentUniqueName11 = YiNaiB2B.sln
		SccProjectName11 = Glaer.Trade.B2C.BLL.ORD
		SccAuxPath11 = http://tfs.glaer.com/2015
		SccLocalPath11 = Glaer.Trade.B2C.BLL.ORD
		SccProvider11 = {4CA58AB2-18FA-4F8D-95D4-32DDF27D184C}
		SccProjectUniqueName12 = Glaer.Trade.B2C.BLL.MEM\\Glaer.Trade.B2C.BLL.MEM.csproj
		SccProjectTopLevelParentUniqueName12 = YiNaiB2B.sln
		SccProjectName12 = Glaer.Trade.B2C.BLL.MEM
		SccAuxPath12 = http://tfs.glaer.com/2015
		SccLocalPath12 = Glaer.Trade.B2C.BLL.MEM
		SccProvider12 = {4CA58AB2-18FA-4F8D-95D4-32DDF27D184C}
		SccWebProject13 = true
		SccProjectUniqueName13 = Shop
		SccProjectName13 = Shop
		SccAuxPath13 = http://tfs.glaer.com/2015
		SccLocalPath13 = Shop
		SccProvider13 = {4CA58AB2-18FA-4F8D-95D4-32DDF27D184C}
		SccProjectEnlistmentChoice13 = 2
		SccProjectUniqueName14 = Glaer.Trade.B2C.RBAC\\Glaer.Trade.B2C.RBAC.csproj
		SccProjectTopLevelParentUniqueName14 = YiNaiB2B.sln
		SccProjectName14 = Glaer.Trade.B2C.RBAC
		SccAuxPath14 = http://tfs.glaer.com/2015
		SccLocalPath14 = Glaer.Trade.B2C.RBAC
		SccProvider14 = {4CA58AB2-18FA-4F8D-95D4-32DDF27D184C}
	EndGlobalSection
EndGlobal
